
Microsoft Visual Studio Solution File, Format Version 12.00
# Visual Studio Version 17
VisualStudioVersion = 17.0.32112.339
MinimumVisualStudioVersion = 10.0.40219.1
Project("{9A19103F-16F7-4668-BE54-9A1E7A4F7556}") = "Physics.NET", "Physics.NET.csproj", "{A9E4DF95-5F64-4FEA-AA98-BCC4C654790C}"
EndProject
Project("{9A19103F-16F7-4668-BE54-9A1E7A4F7556}") = "Physics.NET.Console", "..\Physics.NET.Console\Physics.NET.Console.csproj", "{13A0C2F6-6A3E-4FD2-B177-3B80C69583EC}"
	ProjectSection(ProjectDependencies) = postProject
		{A9E4DF95-5F64-4FEA-AA98-BCC4C654790C} = {A9E4DF95-5F64-4FEA-AA98-BCC4C654790C}
	EndProjectSection
EndProject
Global
	GlobalSection(SolutionConfigurationPlatforms) = preSolution
		Debug|x64 = Debug|x64
		Release|x64 = Release|x64
	EndGlobalSection
	GlobalSection(ProjectConfigurationPlatforms) = postSolution
		{A9E4DF95-5F64-4FEA-AA98-BCC4C654790C}.Debug|x64.ActiveCfg = Debug|x64
		{A9E4DF95-5F64-4FEA-AA98-BCC4C654790C}.Debug|x64.Build.0 = Debug|x64
		{A9E4DF95-5F64-4FEA-AA98-BCC4C654790C}.Release|x64.ActiveCfg = Release|x64
		{A9E4DF95-5F64-4FEA-AA98-BCC4C654790C}.Release|x64.Build.0 = Release|x64
		{13A0C2F6-6A3E-4FD2-B177-3B80C69583EC}.Debug|x64.ActiveCfg = Debug|x64
		{13A0C2F6-6A3E-4FD2-B177-3B80C69583EC}.Debug|x64.Build.0 = Debug|x64
		{13A0C2F6-6A3E-4FD2-B177-3B80C69583EC}.Release|x64.ActiveCfg = Release|x64
		{13A0C2F6-6A3E-4FD2-B177-3B80C69583EC}.Release|x64.Build.0 = Release|x64
	EndGlobalSection
	GlobalSection(SolutionProperties) = preSolution
		HideSolutionNode = FALSE
	EndGlobalSection
	GlobalSection(ExtensibilityGlobals) = postSolution
		SolutionGuid = {71899803-EBB5-49FE-A27B-CBB8DC0B5D0C}
	EndGlobalSection
EndGlobal
